// !$*UTF8*$!
{
	archiveVersion = 1;
	classes = {
	};
	objectVersion = 46;
	objects = {

/* Begin PBXBuildFile section */
		448812BD11C9DF344B8B9F5F /* SceneDelegate.swift in Sources */ = {isa = PBXBuildFile; fileRef = 44881FF7A73B712949D95CB9 /* SceneDelegate.swift */; };
		448815DBD32D284C74C73A7A /* Preview Assets.xcassets in Resources */ = {isa = PBXBuildFile; fileRef = 44881DF0FD423DF123E6BDAC /* Preview Assets.xcassets */; };
		4488166A7314F8D0621F2D0B /* CryptoService.swift in Sources */ = {isa = PBXBuildFile; fileRef = 44881258FD73EFFF3D79C36E /* CryptoService.swift */; };
		44881841F83F72EC810C4DF3 /* CryptoData.swift in Sources */ = {isa = PBXBuildFile; fileRef = 44881931EF03AD03A5701056 /* CryptoData.swift */; };
		448818988F915AC9715B3070 /* AppDelegate.swift in Sources */ = {isa = PBXBuildFile; fileRef = 448812635A5C4A2F216E8D65 /* AppDelegate.swift */; };
		44881A660529A8F5D03BC075 /* CoinListViewModel.swift in Sources */ = {isa = PBXBuildFile; fileRef = 44881407E1F77FF40CA3D47E /* CoinListViewModel.swift */; };
		44881B54D96AE1C32F4BB9FD /* CoinViewModel.swift in Sources */ = {isa = PBXBuildFile; fileRef = 44881C4A7EE4755D6AC61AB0 /* CoinViewModel.swift */; };
		44881BACE084FD815DEEF02C /* ContentView.swift in Sources */ = {isa = PBXBuildFile; fileRef = 448813BB0D19C383C44F6584 /* ContentView.swift */; };
		44881BD7B6444741445EAC1B /* Coin.swift in Sources */ = {isa = PBXBuildFile; fileRef = 4488185CF774EDCDF7633B37 /* Coin.swift */; };
		44881CBD82DD123712C7D88E /* LaunchScreen.storyboard in Resources */ = {isa = PBXBuildFile; fileRef = 44881C1DAFF3D4E0A7AA8301 /* LaunchScreen.storyboard */; };
		44881E2B0A2BFF7323163B3B /* Assets.xcassets in Resources */ = {isa = PBXBuildFile; fileRef = 448811F606393269E8F63348 /* Assets.xcassets */; };
/* End PBXBuildFile section */

/* Begin PBXFileReference section */
		44881079FDB8B63B94819F4D /* SwiftuiCombine.app */ = {isa = PBXFileReference; explicitFileType = wrapper.application; includeInIndex = 0; path = SwiftuiCombine.app; sourceTree = BUILT_PRODUCTS_DIR; };
		448811F606393269E8F63348 /* Assets.xcassets */ = {isa = PBXFileReference; lastKnownFileType = folder.assetcatalog; path = Assets.xcassets; sourceTree = "<group>"; };
		44881258FD73EFFF3D79C36E /* CryptoService.swift */ = {isa = PBXFileReference; fileEncoding = 4; lastKnownFileType = sourcecode.swift; path = CryptoService.swift; sourceTree = "<group>"; };
		448812635A5C4A2F216E8D65 /* AppDelegate.swift */ = {isa = PBXFileReference; lastKnownFileType = sourcecode.swift; path = AppDelegate.swift; sourceTree = "<group>"; };
		448812A2F11B7373BF423CCA /* Base */ = {isa = PBXFileReference; lastKnownFileType = file.storyboard; name = Base; path = Base.lproj/LaunchScreen.storyboard; sourceTree = "<group>"; };
		448813BB0D19C383C44F6584 /* ContentView.swift */ = {isa = PBXFileReference; lastKnownFileType = sourcecode.swift; path = ContentView.swift; sourceTree = "<group>"; };
		44881407E1F77FF40CA3D47E /* CoinListViewModel.swift */ = {isa = PBXFileReference; fileEncoding = 4; lastKnownFileType = sourcecode.swift; path = CoinListViewModel.swift; sourceTree = "<group>"; };
		4488185CF774EDCDF7633B37 /* Coin.swift */ = {isa = PBXFileReference; fileEncoding = 4; lastKnownFileType = sourcecode.swift; path = Coin.swift; sourceTree = "<group>"; };
		44881931EF03AD03A5701056 /* CryptoData.swift */ = {isa = PBXFileReference; fileEncoding = 4; lastKnownFileType = sourcecode.swift; path = CryptoData.swift; sourceTree = "<group>"; };
		44881C4A7EE4755D6AC61AB0 /* CoinViewModel.swift */ = {isa = PBXFileReference; fileEncoding = 4; lastKnownFileType = sourcecode.swift; path = CoinViewModel.swift; sourceTree = "<group>"; };
		44881DF0FD423DF123E6BDAC /* Preview Assets.xcassets */ = {isa = PBXFileReference; lastKnownFileType = folder.assetcatalog; path = "Preview Assets.xcassets"; sourceTree = "<group>"; };
		44881E401CEB792CB71CF413 /* Info.plist */ = {isa = PBXFileReference; lastKnownFileType = text.plist.info; path = Info.plist; sourceTree = "<group>"; };
		44881FF7A73B712949D95CB9 /* SceneDelegate.swift */ = {isa = PBXFileReference; lastKnownFileType = sourcecode.swift; path = SceneDelegate.swift; sourceTree = "<group>"; };
/* End PBXFileReference section */

/* Begin PBXFrameworksBuildPhase section */
		44881B84C14AEC4A3889EFCA /* Frameworks */ = {
			isa = PBXFrameworksBuildPhase;
			buildActionMask = 2147483647;
			files = (
			);
			runOnlyForDeploymentPostprocessing = 0;
		};
/* End PBXFrameworksBuildPhase section */

/* Begin PBXGroup section */
		4488138154B3A0C9B50938BE /* Model */ = {
			isa = PBXGroup;
			children = (
				4488185CF774EDCDF7633B37 /* Coin.swift */,
				44881931EF03AD03A5701056 /* CryptoData.swift */,
			);
			path = Model;
			sourceTree = "<group>";
		};
		448814D9753B5232BB2A1717 /* Service */ = {
			isa = PBXGroup;
			children = (
				44881258FD73EFFF3D79C36E /* CryptoService.swift */,
			);
			path = Service;
			sourceTree = "<group>";
		};
		4488153E50F58D04C51EC4BD = {
			isa = PBXGroup;
			children = (
				44881B114FF83BA8D0061C08 /* Products */,
				44881C395DF56FDD268FC85B /* SwiftuiCombine */,
			);
			sourceTree = "<group>";
		};
		4488183799FC8189C5D71269 /* Preview Content */ = {
			isa = PBXGroup;
			children = (
				44881DF0FD423DF123E6BDAC /* Preview Assets.xcassets */,
			);
			path = "Preview Content";
			sourceTree = "<group>";
		};
		44881A8EF67651AB6B2B30C4 /* ViewModel */ = {
			isa = PBXGroup;
			children = (
				44881407E1F77FF40CA3D47E /* CoinListViewModel.swift */,
				44881C4A7EE4755D6AC61AB0 /* CoinViewModel.swift */,
			);
			path = ViewModel;
			sourceTree = "<group>";
		};
		44881B114FF83BA8D0061C08 /* Products */ = {
			isa = PBXGroup;
			children = (
				44881079FDB8B63B94819F4D /* SwiftuiCombine.app */,
			);
			name = Products;
			sourceTree = "<group>";
		};
		44881C395DF56FDD268FC85B /* SwiftuiCombine */ = {
			isa = PBXGroup;
			children = (
				44881E401CEB792CB71CF413 /* Info.plist */,
				448811F606393269E8F63348 /* Assets.xcassets */,
				44881C1DAFF3D4E0A7AA8301 /* LaunchScreen.storyboard */,
				448812635A5C4A2F216E8D65 /* AppDelegate.swift */,
				44881FF7A73B712949D95CB9 /* SceneDelegate.swift */,
				448813BB0D19C383C44F6584 /* ContentView.swift */,
				4488183799FC8189C5D71269 /* Preview Content */,
				44881A8EF67651AB6B2B30C4 /* ViewModel */,
				44881D5C0FD87B241E5F525C /* Repository */,
				4488138154B3A0C9B50938BE /* Model */,
				448814D9753B5232BB2A1717 /* Service */,
			);
			path = SwiftuiCombine;
			sourceTree = "<group>";
		};
		44881D5C0FD87B241E5F525C /* Repository */ = {
			isa = PBXGroup;
			children = (
			);
			path = Repository;
			sourceTree = "<group>";
		};
/* End PBXGroup section */

/* Begin PBXNativeTarget section */
		448810D356CFC8652E96CE35 /* SwiftuiCombine */ = {
			isa = PBXNativeTarget;
			buildConfigurationList = 44881FF644BB535A3B0FB9D0 /* Build configuration list for PBXNativeTarget "SwiftuiCombine" */;
			buildPhases = (
				448814F813D16AC7B8015156 /* Sources */,
				44881B84C14AEC4A3889EFCA /* Frameworks */,
				448815FC7B72CCA806BA8A13 /* Resources */,
			);
			buildRules = (
			);
			dependencies = (
			);
			name = SwiftuiCombine;
			productName = SwiftuiCombine;
			productReference = 44881079FDB8B63B94819F4D /* SwiftuiCombine.app */;
			productType = "com.apple.product-type.application";
		};
/* End PBXNativeTarget section */

/* Begin PBXProject section */
		44881F14DA415F06399ED493 /* Project object */ = {
			isa = PBXProject;
			attributes = {
				ORGANIZATIONNAME = "___FULLUSERNAME___";
			};
			buildConfigurationList = 448811A323A46918EED07A4F /* Build configuration list for PBXProject "SwiftuiCombine" */;
			compatibilityVersion = "Xcode 3.2";
			developmentRegion = English;
			hasScannedForEncodings = 0;
			knownRegions = (
				English,
				en,
				Base,
			);
			mainGroup = 4488153E50F58D04C51EC4BD;
			productRefGroup = 44881B114FF83BA8D0061C08 /* Products */;
			projectDirPath = "";
			projectRoot = "";
			targets = (
				448810D356CFC8652E96CE35 /* SwiftuiCombine */,
			);
		};
/* End PBXProject section */

/* Begin PBXResourcesBuildPhase section */
		448815FC7B72CCA806BA8A13 /* Resources */ = {
			isa = PBXResourcesBuildPhase;
			buildActionMask = 2147483647;
			files = (
				44881E2B0A2BFF7323163B3B /* Assets.xcassets in Resources */,
				44881CBD82DD123712C7D88E /* LaunchScreen.storyboard in Resources */,
				448815DBD32D284C74C73A7A /* Preview Assets.xcassets in Resources */,
			);
			runOnlyForDeploymentPostprocessing = 0;
		};
/* End PBXResourcesBuildPhase section */

/* Begin PBXSourcesBuildPhase section */
		448814F813D16AC7B8015156 /* Sources */ = {
			isa = PBXSourcesBuildPhase;
			buildActionMask = 2147483647;
			files = (
				448818988F915AC9715B3070 /* AppDelegate.swift in Sources */,
				448812BD11C9DF344B8B9F5F /* SceneDelegate.swift in Sources */,
				44881BACE084FD815DEEF02C /* ContentView.swift in Sources */,
				44881A660529A8F5D03BC075 /* CoinListViewModel.swift in Sources */,
				44881BD7B6444741445EAC1B /* Coin.swift in Sources */,
				44881B54D96AE1C32F4BB9FD /* CoinViewModel.swift in Sources */,
				4488166A7314F8D0621F2D0B /* CryptoService.swift in Sources */,
				44881841F83F72EC810C4DF3 /* CryptoData.swift in Sources */,
			);
			runOnlyForDeploymentPostprocessing = 0;
		};
/* End PBXSourcesBuildPhase section */

/* Begin PBXVariantGroup section */
		44881C1DAFF3D4E0A7AA8301 /* LaunchScreen.storyboard */ = {
			isa = PBXVariantGroup;
			children = (
				448812A2F11B7373BF423CCA /* Base */,
			);
			name = LaunchScreen.storyboard;
			sourceTree = "<group>";
		};
/* End PBXVariantGroup section */

/* Begin XCBuildConfiguration section */
		44881858DF3753157E54C8B5 /* Debug */ = {
			isa = XCBuildConfiguration;
			buildSettings = {
				ALWAYS_SEARCH_USER_PATHS = NO;
				CLANG_ANALYZER_NONNULL = YES;
				CLANG_ANALYZER_NUMBER_OBJECT_CONVERSION = YES_AGGRESSIVE;
				CLANG_CXX_LANGUAGE_STANDARD = "gnu++14";
				CLANG_CXX_LIBRARY = "libc++";
				CLANG_ENABLE_MODULES = YES;
				CLANG_ENABLE_OBJC_ARC = YES;
				CLANG_ENABLE_OBJC_WEAK = YES;
				CLANG_WARN_BLOCK_CAPTURE_AUTORELEASING = YES;
				CLANG_WARN_BOOL_CONVERSION = YES;
				CLANG_WARN_COMMA = YES;
				CLANG_WARN_CONSTANT_CONVERSION = YES;
				CLANG_WARN_DEPRECATED_OBJC_IMPLEMENTATIONS = YES;
				CLANG_WARN_DIRECT_OBJC_ISA_USAGE = YES_ERROR;
				CLANG_WARN_DOCUMENTATION_COMMENTS = YES;
				CLANG_WARN_EMPTY_BODY = YES;
				CLANG_WARN_ENUM_CONVERSION = YES;
				CLANG_WARN_INFINITE_RECURSION = YES;
				CLANG_WARN_INT_CONVERSION = YES;
				CLANG_WARN_NON_LITERAL_NULL_CONVERSION = YES;
				CLANG_WARN_OBJC_IMPLICIT_RETAIN_SELF = YES;
				CLANG_WARN_OBJC_LITERAL_CONVERSION = YES;
				CLANG_WARN_OBJC_ROOT_CLASS = YES_ERROR;
				CLANG_WARN_RANGE_LOOP_ANALYSIS = YES;
				CLANG_WARN_STRICT_PROTOTYPES = YES;
				CLANG_WARN_SUSPICIOUS_MOVE = YES;
				CLANG_WARN_UNGUARDED_AVAILABILITY = YES_AGGRESSIVE;
				CLANG_WARN_UNREACHABLE_CODE = YES;
				CLANG_WARN__DUPLICATE_METHOD_MATCH = YES;
				COPY_PHASE_STRIP = NO;
				DEBUG_INFORMATION_FORMAT = dwarf;
				ENABLE_STRICT_OBJC_MSGSEND = YES;
				ENABLE_TESTABILITY = YES;
				GCC_C_LANGUAGE_STANDARD = gnu11;
				GCC_DYNAMIC_NO_PIC = NO;
				GCC_NO_COMMON_BLOCKS = YES;
				GCC_OPTIMIZATION_LEVEL = 0;
				GCC_PREPROCESSOR_DEFINITIONS = (
					"DEBUG=1",
					"$(inherited)",
				);
				GCC_WARN_64_TO_32_BIT_CONVERSION = YES;
				GCC_WARN_ABOUT_RETURN_TYPE = YES_ERROR;
				GCC_WARN_UNDECLARED_SELECTOR = YES;
				GCC_WARN_UNINITIALIZED_AUTOS = YES_AGGRESSIVE;
				GCC_WARN_UNUSED_FUNCTION = YES;
				GCC_WARN_UNUSED_VARIABLE = YES;
				IPHONEOS_DEPLOYMENT_TARGET = 13.2;
				MTL_ENABLE_DEBUG_INFO = INCLUDE_SOURCE;
				MTL_FAST_MATH = YES;
				ONLY_ACTIVE_ARCH = YES;
				SDKROOT = iphoneos;
				SWIFT_ACTIVE_COMPILATION_CONDITIONS = DEBUG;
				SWIFT_OPTIMIZATION_LEVEL = "-Onone";
			};
			name = Debug;
		};
		44881A3A4D0E96C734FAD544 /* Release */ = {
			isa = XCBuildConfiguration;
			buildSettings = {
				ASSETCATALOG_COMPILER_APPICON_NAME = AppIcon;
				DEVELOPMENT_ASSET_PATHS = "\"SwiftuiCombine/Preview Content\"";
				ENABLE_PREVIEWS = YES;
				INFOPLIST_FILE = SwiftuiCombine/Info.plist;
				LD_RUNPATH_SEARCH_PATHS = "$(inherited) @executable_path/Frameworks";
				PRODUCT_BUNDLE_IDENTIFIER = com.ios.SwiftuiCombine;
				PRODUCT_NAME = "$(TARGET_NAME)";
				SWIFT_VERSION = 5.0;
				TARGETED_DEVICE_FAMILY = "1,2";
			};
			name = Release;
		};
		44881B887A5E1405D7DF3777 /* Release */ = {
			isa = XCBuildConfiguration;
			buildSettings = {
				ALWAYS_SEARCH_USER_PATHS = NO;
				CLANG_ANALYZER_NONNULL = YES;
				CLANG_ANALYZER_NUMBER_OBJECT_CONVERSION = YES_AGGRESSIVE;
				CLANG_CXX_LANGUAGE_STANDARD = "gnu++14";
				CLANG_CXX_LIBRARY = "libc++";
				CLANG_ENABLE_MODULES = YES;
				CLANG_ENABLE_OBJC_ARC = YES;
				CLANG_ENABLE_OBJC_WEAK = YES;
				CLANG_WARN_BLOCK_CAPTURE_AUTORELEASING = YES;
				CLANG_WARN_BOOL_CONVERSION = YES;
				CLANG_WARN_COMMA = YES;
				CLANG_WARN_CONSTANT_CONVERSION = YES;
				CLANG_WARN_DEPRECATED_OBJC_IMPLEMENTATIONS = YES;
				CLANG_WARN_DIRECT_OBJC_ISA_USAGE = YES_ERROR;
				CLANG_WARN_DOCUMENTATION_COMMENTS = YES;
				CLANG_WARN_EMPTY_BODY = YES;
				CLANG_WARN_ENUM_CONVERSION = YES;
				CLANG_WARN_INFINITE_RECURSION = YES;
				CLANG_WARN_INT_CONVERSION = YES;
				CLANG_WARN_NON_LITERAL_NULL_CONVERSION = YES;
				CLANG_WARN_OBJC_IMPLICIT_RETAIN_SELF = YES;
				CLANG_WARN_OBJC_LITERAL_CONVERSION = YES;
				CLANG_WARN_OBJC_ROOT_CLASS = YES_ERROR;
				CLANG_WARN_RANGE_LOOP_ANALYSIS = YES;
				CLANG_WARN_STRICT_PROTOTYPES = YES;
				CLANG_WARN_SUSPICIOUS_MOVE = YES;
				CLANG_WARN_UNGUARDED_AVAILABILITY = YES_AGGRESSIVE;
				CLANG_WARN_UNREACHABLE_CODE = YES;
				CLANG_WARN__DUPLICATE_METHOD_MATCH = YES;
				COPY_PHASE_STRIP = NO;
				DEBUG_INFORMATION_FORMAT = "dwarf-with-dsym";
				ENABLE_NS_ASSERTIONS = NO;
				ENABLE_STRICT_OBJC_MSGSEND = YES;
				GCC_C_LANGUAGE_STANDARD = gnu11;
				GCC_NO_COMMON_BLOCKS = YES;
				GCC_WARN_64_TO_32_BIT_CONVERSION = YES;
				GCC_WARN_ABOUT_RETURN_TYPE = YES_ERROR;
				GCC_WARN_UNDECLARED_SELECTOR = YES;
				GCC_WARN_UNINITIALIZED_AUTOS = YES_AGGRESSIVE;
				GCC_WARN_UNUSED_FUNCTION = YES;
				GCC_WARN_UNUSED_VARIABLE = YES;
				IPHONEOS_DEPLOYMENT_TARGET = 13.2;
				MTL_ENABLE_DEBUG_INFO = NO;
				MTL_FAST_MATH = YES;
				SDKROOT = iphoneos;
				SWIFT_OPTIMIZATION_LEVEL = "-Owholemodule";
				VALIDATE_PRODUCT = YES;
			};
			name = Release;
		};
		44881CC70FDB51D62807C478 /* Debug */ = {
			isa = XCBuildConfiguration;
			buildSettings = {
				ASSETCATALOG_COMPILER_APPICON_NAME = AppIcon;
				DEVELOPMENT_ASSET_PATHS = "\"SwiftuiCombine/Preview Content\"";
				ENABLE_PREVIEWS = YES;
				INFOPLIST_FILE = SwiftuiCombine/Info.plist;
				LD_RUNPATH_SEARCH_PATHS = "$(inherited) @executable_path/Frameworks";
				PRODUCT_BUNDLE_IDENTIFIER = com.ios.SwiftuiCombine;
				PRODUCT_NAME = "$(TARGET_NAME)";
				SWIFT_VERSION = 5.0;
				TARGETED_DEVICE_FAMILY = "1,2";
			};
			name = Debug;
		};
/* End XCBuildConfiguration section */

/* Begin XCConfigurationList section */
		448811A323A46918EED07A4F /* Build configuration list for PBXProject "SwiftuiCombine" */ = {
			isa = XCConfigurationList;
			buildConfigurations = (
				44881858DF3753157E54C8B5 /* Debug */,
				44881B887A5E1405D7DF3777 /* Release */,
			);
			defaultConfigurationIsVisible = 0;
			defaultConfigurationName = Release;
		};
		44881FF644BB535A3B0FB9D0 /* Build configuration list for PBXNativeTarget "SwiftuiCombine" */ = {
			isa = XCConfigurationList;
			buildConfigurations = (
				44881CC70FDB51D62807C478 /* Debug */,
				44881A3A4D0E96C734FAD544 /* Release */,
			);
			defaultConfigurationIsVisible = 0;
			defaultConfigurationName = Release;
		};
/* End XCConfigurationList section */
	};
	rootObject = 44881F14DA415F06399ED493 /* Project object */;
}
