<?xml version="1.0" encoding="UTF-8"?>
<Scheme
   version = "1.3">
   <BuildAction>
      <BuildActionEntries>
         <BuildActionEntry
            buildForRunning = "YES">
            <BuildableReference
               BuildableIdentifier = "primary"
               BlueprintIdentifier = "448810D356CFC8652E96CE35"
               BuildableName = "SwiftuiCombine.app"
               BlueprintName = "SwiftuiCombine"
               ReferencedContainer = "container:SwiftuiCombine.xcodeproj">
            </BuildableReference>
         </BuildActionEntry>
      </BuildActionEntries>
   </BuildAction>
   <LaunchAction
      useCustomWorkingDirectory = "NO"
      buildConfiguration = "Debug"
      allowLocationSimulation = "YES">
      <BuildableProductRunnable>
         <BuildableReference
            BuildableIdentifier = "primary"
            BlueprintIdentifier = "448810D356CFC8652E96CE35"
            BuildableName = "SwiftuiCombine.app"
            BlueprintName = "SwiftuiCombine"
            ReferencedContainer = "container:SwiftuiCombine.xcodeproj">
         </BuildableReference>
      </BuildableProductRunnable>
   </LaunchAction>
</Scheme>
